
Microsoft Visual Studio Solution File, Format Version 12.00
# Visual Studio 15
VisualStudioVersion = 15.0.28307.1267
MinimumVisualStudioVersion = 10.0.40219.1
Project("{FAE04EC0-301F-11D3-BF4B-00C04F79EFBC}") = "Rockola", "Rockola\Rockola.csproj", "{425B09ED-4709-4456-B845-A2D257B5A9E1}"
EndProject
Global
	GlobalSection(SolutionConfigurationPlatforms) = preSolution
		Debug|Any CPU = Debug|Any CPU
		Release|Any CPU = Release|Any CPU
	EndGlobalSection
	GlobalSection(ProjectConfigurationPlatforms) = postSolution
		{425B09ED-4709-4456-B845-A2D257B5A9E1}.Debug|Any CPU.ActiveCfg = Debug|Any CPU
		{425B09ED-4709-4456-B845-A2D257B5A9E1}.Debug|Any CPU.Build.0 = Debug|Any CPU
		{425B09ED-4709-4456-B845-A2D257B5A9E1}.Release|Any CPU.ActiveCfg = Release|Any CPU
		{425B09ED-4709-4456-B845-A2D257B5A9E1}.Release|Any CPU.Build.0 = Release|Any CPU
	EndGlobalSection
	GlobalSection(SolutionProperties) = preSolution
		HideSolutionNode = FALSE
	EndGlobalSection
	GlobalSection(ExtensibilityGlobals) = postSolution
		SolutionGuid = {A50D50A5-432B-42B9-BA6C-358B7BA6E8F5}
	EndGlobalSection
EndGlobal
